
Microsoft Visual Studio Solution File, Format Version 12.00
# Visual Studio Version 16
VisualStudioVersion = 16.0.32228.343
MinimumVisualStudioVersion = 10.0.40219.1
Project("{FAE04EC0-301F-11D3-BF4B-00C04F79EFBC}") = "Lab2task2RegexwithAnnotation", "Lab2task2RegexwithAnnotation.csproj", "{FF082313-CF3F-4ED3-9C92-95DAC0B0D7F7}"
EndProject
Global
	GlobalSection(SolutionConfigurationPlatforms) = preSolution
		Debug|Any CPU = Debug|Any CPU
		Release|Any CPU = Release|Any CPU
	EndGlobalSection
	GlobalSection(ProjectConfigurationPlatforms) = postSolution
		{FF082313-CF3F-4ED3-9C92-95DAC0B0D7F7}.Debug|Any CPU.ActiveCfg = Debug|Any CPU
		{FF082313-CF3F-4ED3-9C92-95DAC0B0D7F7}.Debug|Any CPU.Build.0 = Debug|Any CPU
		{FF082313-CF3F-4ED3-9C92-95DAC0B0D7F7}.Release|Any CPU.ActiveCfg = Release|Any CPU
		{FF082313-CF3F-4ED3-9C92-95DAC0B0D7F7}.Release|Any CPU.Build.0 = Release|Any CPU
	EndGlobalSection
	GlobalSection(SolutionProperties) = preSolution
		HideSolutionNode = FALSE
	EndGlobalSection
	GlobalSection(ExtensibilityGlobals) = postSolution
		SolutionGuid = {23B97240-E1C3-460A-B945-D18112D5C144}
	EndGlobalSection
EndGlobal
